
Microsoft Visual Studio Solution File, Format Version 12.00
# Visual Studio 15
VisualStudioVersion = 15.0.28010.2046
MinimumVisualStudioVersion = 10.0.40219.1
Project("{9A19103F-16F7-4668-BE54-9A1E7A4F7556}") = "WikiGraph.Core", "WikiGraph.Core\WikiGraph.Core.csproj", "{3BC9D598-45A1-4865-B786-5F2D5000729A}"
EndProject
Project("{FAE04EC0-301F-11D3-BF4B-00C04F79EFBC}") = "WikiGraph.Core.Test", "WikiGraph.Core.Test\WikiGraph.Core.Test.csproj", "{6B064A10-ED3E-4B97-9E97-815080C2BD3A}"
EndProject
Global
	GlobalSection(SolutionConfigurationPlatforms) = preSolution
		Debug|Any CPU = Debug|Any CPU
		Release|Any CPU = Release|Any CPU
	EndGlobalSection
	GlobalSection(ProjectConfigurationPlatforms) = postSolution
		{3BC9D598-45A1-4865-B786-5F2D5000729A}.Debug|Any CPU.ActiveCfg = Debug|Any CPU
		{3BC9D598-45A1-4865-B786-5F2D5000729A}.Debug|Any CPU.Build.0 = Debug|Any CPU
		{3BC9D598-45A1-4865-B786-5F2D5000729A}.Release|Any CPU.ActiveCfg = Release|Any CPU
		{3BC9D598-45A1-4865-B786-5F2D5000729A}.Release|Any CPU.Build.0 = Release|Any CPU
		{6B064A10-ED3E-4B97-9E97-815080C2BD3A}.Debug|Any CPU.ActiveCfg = Debug|Any CPU
		{6B064A10-ED3E-4B97-9E97-815080C2BD3A}.Debug|Any CPU.Build.0 = Debug|Any CPU
		{6B064A10-ED3E-4B97-9E97-815080C2BD3A}.Release|Any CPU.ActiveCfg = Release|Any CPU
		{6B064A10-ED3E-4B97-9E97-815080C2BD3A}.Release|Any CPU.Build.0 = Release|Any CPU
	EndGlobalSection
	GlobalSection(SolutionProperties) = preSolution
		HideSolutionNode = FALSE
	EndGlobalSection
	GlobalSection(ExtensibilityGlobals) = postSolution
		SolutionGuid = {26793D3D-267A-4DE2-B352-62AEAA5901FD}
	EndGlobalSection
EndGlobal
